// !$*UTF8*$!
{
	archiveVersion = 1;
	classes = {
	};
	objectVersion = 77;
	objects = {

/* Begin PBXBuildFile section */
		82F88CD6F2A80355DC705E7F /* Pods_achalasecurelibTests.framework in Frameworks */ = {isa = PBXBuildFile; fileRef = 5A47FFADAB3AD8A3F2B52C55 /* Pods_achalasecurelibTests.framework */; };
		89890898A5686C55F281AB03 /* Pods_achalasecurelib.framework in Frameworks */ = {isa = PBXBuildFile; fileRef = 68881CE5E58EE6E4EBABAEA2 /* Pods_achalasecurelib.framework */; };
		C5ED96722D54DD1E0081A67B /* achalasecurelib.framework in Frameworks */ = {isa = PBXBuildFile; fileRef = C5ED96672D54DD1E0081A67B /* achalasecurelib.framework */; };
/* End PBXBuildFile section */

/* Begin PBXContainerItemProxy section */
		C5ED96732D54DD1E0081A67B /* PBXContainerItemProxy */ = {
			isa = PBXContainerItemProxy;
			containerPortal = C5ED965E2D54DD1E0081A67B /* Project object */;
			proxyType = 1;
			remoteGlobalIDString = C5ED96662D54DD1E0081A67B;
			remoteInfo = achalasecurelib;
		};
/* End PBXContainerItemProxy section */

/* Begin PBXFileReference section */
		5203E106B59B3B2F22C17F84 /* Pods-achalasecurelib.debug.xcconfig */ = {isa = PBXFileReference; includeInIndex = 1; lastKnownFileType = text.xcconfig; name = "Pods-achalasecurelib.debug.xcconfig"; path = "Target Support Files/Pods-achalasecurelib/Pods-achalasecurelib.debug.xcconfig"; sourceTree = "<group>"; };
		57890F01AC53B593CB2C0D99 /* Pods-achalasecurelibTests.debug.xcconfig */ = {isa = PBXFileReference; includeInIndex = 1; lastKnownFileType = text.xcconfig; name = "Pods-achalasecurelibTests.debug.xcconfig"; path = "Target Support Files/Pods-achalasecurelibTests/Pods-achalasecurelibTests.debug.xcconfig"; sourceTree = "<group>"; };
		5A47FFADAB3AD8A3F2B52C55 /* Pods_achalasecurelibTests.framework */ = {isa = PBXFileReference; explicitFileType = wrapper.framework; includeInIndex = 0; path = Pods_achalasecurelibTests.framework; sourceTree = BUILT_PRODUCTS_DIR; };
		68881CE5E58EE6E4EBABAEA2 /* Pods_achalasecurelib.framework */ = {isa = PBXFileReference; explicitFileType = wrapper.framework; includeInIndex = 0; path = Pods_achalasecurelib.framework; sourceTree = BUILT_PRODUCTS_DIR; };
		C5ED96672D54DD1E0081A67B /* achalasecurelib.framework */ = {isa = PBXFileReference; explicitFileType = wrapper.framework; includeInIndex = 0; path = achalasecurelib.framework; sourceTree = BUILT_PRODUCTS_DIR; };
		C5ED96712D54DD1E0081A67B /* achalasecurelibTests.xctest */ = {isa = PBXFileReference; explicitFileType = wrapper.cfbundle; includeInIndex = 0; path = achalasecurelibTests.xctest; sourceTree = BUILT_PRODUCTS_DIR; };
		D4D4FB33E17A317B35DC73D9 /* Pods-achalasecurelib.release.xcconfig */ = {isa = PBXFileReference; includeInIndex = 1; lastKnownFileType = text.xcconfig; name = "Pods-achalasecurelib.release.xcconfig"; path = "Target Support Files/Pods-achalasecurelib/Pods-achalasecurelib.release.xcconfig"; sourceTree = "<group>"; };
		EFBD4FD94ADACF003312915A /* Pods-achalasecurelibTests.release.xcconfig */ = {isa = PBXFileReference; includeInIndex = 1; lastKnownFileType = text.xcconfig; name = "Pods-achalasecurelibTests.release.xcconfig"; path = "Target Support Files/Pods-achalasecurelibTests/Pods-achalasecurelibTests.release.xcconfig"; sourceTree = "<group>"; };
/* End PBXFileReference section */

/* Begin PBXFileSystemSynchronizedBuildFileExceptionSet section */
		C5ED96792D54DD1E0081A67B /* Exceptions for "achalasecurelib" folder in "achalasecurelib" target */ = {
			isa = PBXFileSystemSynchronizedBuildFileExceptionSet;
			publicHeaders = (
				achalasecurelib.h,
			);
			target = C5ED96662D54DD1E0081A67B /* achalasecurelib */;
		};
/* End PBXFileSystemSynchronizedBuildFileExceptionSet section */

/* Begin PBXFileSystemSynchronizedRootGroup section */
		C5ED96692D54DD1E0081A67B /* achalasecurelib */ = {
			isa = PBXFileSystemSynchronizedRootGroup;
			exceptions = (
				C5ED96792D54DD1E0081A67B /* Exceptions for "achalasecurelib" folder in "achalasecurelib" target */,
			);
			path = achalasecurelib;
			sourceTree = "<group>";
		};
		C5ED96752D54DD1E0081A67B /* achalasecurelibTests */ = {
			isa = PBXFileSystemSynchronizedRootGroup;
			path = achalasecurelibTests;
			sourceTree = "<group>";
		};
/* End PBXFileSystemSynchronizedRootGroup section */

/* Begin PBXFrameworksBuildPhase section */
		C5ED96642D54DD1E0081A67B /* Frameworks */ = {
			isa = PBXFrameworksBuildPhase;
			buildActionMask = 2147483647;
			files = (
				89890898A5686C55F281AB03 /* Pods_achalasecurelib.framework in Frameworks */,
			);
			runOnlyForDeploymentPostprocessing = 0;
		};
		C5ED966E2D54DD1E0081A67B /* Frameworks */ = {
			isa = PBXFrameworksBuildPhase;
			buildActionMask = 2147483647;
			files = (
				C5ED96722D54DD1E0081A67B /* achalasecurelib.framework in Frameworks */,
				82F88CD6F2A80355DC705E7F /* Pods_achalasecurelibTests.framework in Frameworks */,
			);
			runOnlyForDeploymentPostprocessing = 0;
		};
/* End PBXFrameworksBuildPhase section */

/* Begin PBXGroup section */
		16BCEE34D6DAE1CC29095BEA /* Pods */ = {
			isa = PBXGroup;
			children = (
				5203E106B59B3B2F22C17F84 /* Pods-achalasecurelib.debug.xcconfig */,
				D4D4FB33E17A317B35DC73D9 /* Pods-achalasecurelib.release.xcconfig */,
				57890F01AC53B593CB2C0D99 /* Pods-achalasecurelibTests.debug.xcconfig */,
				EFBD4FD94ADACF003312915A /* Pods-achalasecurelibTests.release.xcconfig */,
			);
			path = Pods;
			sourceTree = "<group>";
		};
		63F2DF2ADA09BE58DBCBAF92 /* Frameworks */ = {
			isa = PBXGroup;
			children = (
				68881CE5E58EE6E4EBABAEA2 /* Pods_achalasecurelib.framework */,
				5A47FFADAB3AD8A3F2B52C55 /* Pods_achalasecurelibTests.framework */,
			);
			name = Frameworks;
			sourceTree = "<group>";
		};
		C5ED965D2D54DD1E0081A67B = {
			isa = PBXGroup;
			children = (
				C5ED96692D54DD1E0081A67B /* achalasecurelib */,
				C5ED96752D54DD1E0081A67B /* achalasecurelibTests */,
				C5ED96682D54DD1E0081A67B /* Products */,
				16BCEE34D6DAE1CC29095BEA /* Pods */,
				63F2DF2ADA09BE58DBCBAF92 /* Frameworks */,
			);
			sourceTree = "<group>";
		};
		C5ED96682D54DD1E0081A67B /* Products */ = {
			isa = PBXGroup;
			children = (
				C5ED96672D54DD1E0081A67B /* achalasecurelib.framework */,
				C5ED96712D54DD1E0081A67B /* achalasecurelibTests.xctest */,
			);
			name = Products;
			sourceTree = "<group>";
		};
/* End PBXGroup section */

/* Begin PBXHeadersBuildPhase section */
		C5ED96622D54DD1E0081A67B /* Headers */ = {
			isa = PBXHeadersBuildPhase;
			buildActionMask = 2147483647;
			files = (
			);
			runOnlyForDeploymentPostprocessing = 0;
		};
/* End PBXHeadersBuildPhase section */

/* Begin PBXNativeTarget section */
		C5ED96662D54DD1E0081A67B /* achalasecurelib */ = {
			isa = PBXNativeTarget;
			buildConfigurationList = C5ED967A2D54DD1E0081A67B /* Build configuration list for PBXNativeTarget "achalasecurelib" */;
			buildPhases = (
				7190AA9076EF300DAB36E265 /* [CP] Check Pods Manifest.lock */,
				C5ED96622D54DD1E0081A67B /* Headers */,
				C5ED96632D54DD1E0081A67B /* Sources */,
				C5ED96642D54DD1E0081A67B /* Frameworks */,
				C5ED96652D54DD1E0081A67B /* Resources */,
				F32C03101CDB5808834D421B /* [CP] Copy Pods Resources */,
			);
			buildRules = (
			);
			dependencies = (
			);
			fileSystemSynchronizedGroups = (
				C5ED96692D54DD1E0081A67B /* achalasecurelib */,
			);
			name = achalasecurelib;
			productName = achalasecurelib;
			productReference = C5ED96672D54DD1E0081A67B /* achalasecurelib.framework */;
			productType = "com.apple.product-type.framework";
		};
		C5ED96702D54DD1E0081A67B /* achalasecurelibTests */ = {
			isa = PBXNativeTarget;
			buildConfigurationList = C5ED967F2D54DD1E0081A67B /* Build configuration list for PBXNativeTarget "achalasecurelibTests" */;
			buildPhases = (
				FCB13D4A9F54C6D990EB0037 /* [CP] Check Pods Manifest.lock */,
				C5ED966D2D54DD1E0081A67B /* Sources */,
				C5ED966E2D54DD1E0081A67B /* Frameworks */,
				C5ED966F2D54DD1E0081A67B /* Resources */,
			);
			buildRules = (
			);
			dependencies = (
				C5ED96742D54DD1E0081A67B /* PBXTargetDependency */,
			);
			fileSystemSynchronizedGroups = (
				C5ED96752D54DD1E0081A67B /* achalasecurelibTests */,
			);
			name = achalasecurelibTests;
			productName = achalasecurelibTests;
			productReference = C5ED96712D54DD1E0081A67B /* achalasecurelibTests.xctest */;
			productType = "com.apple.product-type.bundle.unit-test";
		};
/* End PBXNativeTarget section */

/* Begin PBXProject section */
		C5ED965E2D54DD1E0081A67B /* Project object */ = {
			isa = PBXProject;
			attributes = {
				BuildIndependentTargetsInParallel = 1;
				LastSwiftUpdateCheck = 1620;
				LastUpgradeCheck = 1620;
				TargetAttributes = {
					C5ED96662D54DD1E0081A67B = {
						CreatedOnToolsVersion = 16.2;
					};
					C5ED96702D54DD1E0081A67B = {
						CreatedOnToolsVersion = 16.2;
					};
				};
			};
			buildConfigurationList = C5ED96612D54DD1E0081A67B /* Build configuration list for PBXProject "achalasecurelib" */;
			developmentRegion = en;
			hasScannedForEncodings = 0;
			knownRegions = (
				en,
				Base,
			);
			mainGroup = C5ED965D2D54DD1E0081A67B;
			minimizedProjectReferenceProxies = 1;
			preferredProjectObjectVersion = 77;
			productRefGroup = C5ED96682D54DD1E0081A67B /* Products */;
			projectDirPath = "";
			projectRoot = "";
			targets = (
				C5ED96662D54DD1E0081A67B /* achalasecurelib */,
				C5ED96702D54DD1E0081A67B /* achalasecurelibTests */,
			);
		};
/* End PBXProject section */

/* Begin PBXResourcesBuildPhase section */
		C5ED96652D54DD1E0081A67B /* Resources */ = {
			isa = PBXResourcesBuildPhase;
			buildActionMask = 2147483647;
			files = (
			);
			runOnlyForDeploymentPostprocessing = 0;
		};
		C5ED966F2D54DD1E0081A67B /* Resources */ = {
			isa = PBXResourcesBuildPhase;
			buildActionMask = 2147483647;
			files = (
			);
			runOnlyForDeploymentPostprocessing = 0;
		};
/* End PBXResourcesBuildPhase section */

/* Begin PBXShellScriptBuildPhase section */
		7190AA9076EF300DAB36E265 /* [CP] Check Pods Manifest.lock */ = {
			isa = PBXShellScriptBuildPhase;
			buildActionMask = 2147483647;
			files = (
			);
			inputFileListPaths = (
			);
			inputPaths = (
				"${PODS_PODFILE_DIR_PATH}/Podfile.lock",
				"${PODS_ROOT}/Manifest.lock",
			);
			name = "[CP] Check Pods Manifest.lock";
			outputFileListPaths = (
			);
			outputPaths = (
				"$(DERIVED_FILE_DIR)/Pods-achalasecurelib-checkManifestLockResult.txt",
			);
			runOnlyForDeploymentPostprocessing = 0;
			shellPath = /bin/sh;
			shellScript = "diff \"${PODS_PODFILE_DIR_PATH}/Podfile.lock\" \"${PODS_ROOT}/Manifest.lock\" > /dev/null\nif [ $? != 0 ] ; then\n    # print error to STDERR\n    echo \"error: The sandbox is not in sync with the Podfile.lock. Run 'pod install' or update your CocoaPods installation.\" >&2\n    exit 1\nfi\n# This output is used by Xcode 'outputs' to avoid re-running this script phase.\necho \"SUCCESS\" > \"${SCRIPT_OUTPUT_FILE_0}\"\n";
			showEnvVarsInLog = 0;
		};
		F32C03101CDB5808834D421B /* [CP] Copy Pods Resources */ = {
			isa = PBXShellScriptBuildPhase;
			buildActionMask = 2147483647;
			files = (
			);
			inputFileListPaths = (
				"${PODS_ROOT}/Target Support Files/Pods-achalasecurelib/Pods-achalasecurelib-resources-${CONFIGURATION}-input-files.xcfilelist",
			);
			name = "[CP] Copy Pods Resources";
			outputFileListPaths = (
				"${PODS_ROOT}/Target Support Files/Pods-achalasecurelib/Pods-achalasecurelib-resources-${CONFIGURATION}-output-files.xcfilelist",
			);
			runOnlyForDeploymentPostprocessing = 0;
			shellPath = /bin/sh;
			shellScript = "\"${PODS_ROOT}/Target Support Files/Pods-achalasecurelib/Pods-achalasecurelib-resources.sh\"\n";
			showEnvVarsInLog = 0;
		};
		FCB13D4A9F54C6D990EB0037 /* [CP] Check Pods Manifest.lock */ = {
			isa = PBXShellScriptBuildPhase;
			buildActionMask = 2147483647;
			files = (
			);
			inputFileListPaths = (
			);
			inputPaths = (
				"${PODS_PODFILE_DIR_PATH}/Podfile.lock",
				"${PODS_ROOT}/Manifest.lock",
			);
			name = "[CP] Check Pods Manifest.lock";
			outputFileListPaths = (
			);
			outputPaths = (
				"$(DERIVED_FILE_DIR)/Pods-achalasecurelibTests-checkManifestLockResult.txt",
			);
			runOnlyForDeploymentPostprocessing = 0;
			shellPath = /bin/sh;
			shellScript = "diff \"${PODS_PODFILE_DIR_PATH}/Podfile.lock\" \"${PODS_ROOT}/Manifest.lock\" > /dev/null\nif [ $? != 0 ] ; then\n    # print error to STDERR\n    echo \"error: The sandbox is not in sync with the Podfile.lock. Run 'pod install' or update your CocoaPods installation.\" >&2\n    exit 1\nfi\n# This output is used by Xcode 'outputs' to avoid re-running this script phase.\necho \"SUCCESS\" > \"${SCRIPT_OUTPUT_FILE_0}\"\n";
			showEnvVarsInLog = 0;
		};
/* End PBXShellScriptBuildPhase section */

/* Begin PBXSourcesBuildPhase section */
		C5ED96632D54DD1E0081A67B /* Sources */ = {
			isa = PBXSourcesBuildPhase;
			buildActionMask = 2147483647;
			files = (
			);
			runOnlyForDeploymentPostprocessing = 0;
		};
		C5ED966D2D54DD1E0081A67B /* Sources */ = {
			isa = PBXSourcesBuildPhase;
			buildActionMask = 2147483647;
			files = (
			);
			runOnlyForDeploymentPostprocessing = 0;
		};
/* End PBXSourcesBuildPhase section */

/* Begin PBXTargetDependency section */
		C5ED96742D54DD1E0081A67B /* PBXTargetDependency */ = {
			isa = PBXTargetDependency;
			target = C5ED96662D54DD1E0081A67B /* achalasecurelib */;
			targetProxy = C5ED96732D54DD1E0081A67B /* PBXContainerItemProxy */;
		};
/* End PBXTargetDependency section */

/* Begin XCBuildConfiguration section */
		C5ED967B2D54DD1E0081A67B /* Debug */ = {
			isa = XCBuildConfiguration;
			baseConfigurationReference = 5203E106B59B3B2F22C17F84 /* Pods-achalasecurelib.debug.xcconfig */;
			buildSettings = {
				BUILD_LIBRARY_FOR_DISTRIBUTION = YES;
				CLANG_ALLOW_NON_MODULAR_INCLUDES_IN_FRAMEWORK_MODULES = NO;
				CODE_SIGN_STYLE = Automatic;
				CURRENT_PROJECT_VERSION = 1;
				DEFINES_MODULE = YES;
				DEVELOPMENT_TEAM = W2M29P5694;
				DYLIB_COMPATIBILITY_VERSION = 1;
				DYLIB_CURRENT_VERSION = 1;
				DYLIB_INSTALL_NAME_BASE = "@rpath";
				ENABLE_MODULE_VERIFIER = YES;
				ENABLE_USER_SCRIPT_SANDBOXING = NO;
				EXCLUDED_ARCHS = "";
				"EXCLUDED_ARCHS[sdk=iphonesimulator*]" = arm64;
				GENERATE_INFOPLIST_FILE = YES;
				INFOPLIST_KEY_NSHumanReadableCopyright = "";
				INSTALL_PATH = "$(LOCAL_LIBRARY_DIR)/Frameworks";
				IPHONEOS_DEPLOYMENT_TARGET = 15.6;
				LD_RUNPATH_SEARCH_PATHS = (
					"$(inherited)",
					"@executable_path/Frameworks",
					"@loader_path/Frameworks",
				);
				MARKETING_VERSION = 1.0;
				MODULE_VERIFIER_SUPPORTED_LANGUAGES = "objective-c objective-c++";
				MODULE_VERIFIER_SUPPORTED_LANGUAGE_STANDARDS = "gnu17 gnu++20";
				ONLY_ACTIVE_ARCH = NO;
				OTHER_SWIFT_FLAGS = "$(inherited) -D COCOAPODS";
				PRODUCT_BUNDLE_IDENTIFIER = com.emri.achalasecurelib;
				PRODUCT_NAME = "$(TARGET_NAME:c99extidentifier)";
				SKIP_INSTALL = NO;
				SUPPORTED_PLATFORMS = "iphoneos iphonesimulator";
				SUPPORTS_MACCATALYST = NO;
				SUPPORTS_MAC_DESIGNED_FOR_IPHONE_IPAD = NO;
				SUPPORTS_XR_DESIGNED_FOR_IPHONE_IPAD = NO;
				SWIFT_EMIT_LOC_STRINGS = YES;
				SWIFT_INSTALL_OBJC_HEADER = NO;
				SWIFT_OBJC_INTEROP_MODE = objc;
				SWIFT_VERSION = 5.0;
				TARGETED_DEVICE_FAMILY = "1,2";
			};
			name = Debug;
		};
		C5ED967C2D54DD1E0081A67B /* Release */ = {
			isa = XCBuildConfiguration;
			baseConfigurationReference = D4D4FB33E17A317B35DC73D9 /* Pods-achalasecurelib.release.xcconfig */;
			buildSettings = {
				BUILD_LIBRARY_FOR_DISTRIBUTION = YES;
				CLANG_ALLOW_NON_MODULAR_INCLUDES_IN_FRAMEWORK_MODULES = NO;
				CODE_SIGN_STYLE = Automatic;
				CURRENT_PROJECT_VERSION = 1;
				DEFINES_MODULE = YES;
				DEVELOPMENT_TEAM = W2M29P5694;
				DYLIB_COMPATIBILITY_VERSION = 1;
				DYLIB_CURRENT_VERSION = 1;
				DYLIB_INSTALL_NAME_BASE = "@rpath";
				ENABLE_MODULE_VERIFIER = YES;
				ENABLE_USER_SCRIPT_SANDBOXING = NO;
				EXCLUDED_ARCHS = "";
				"EXCLUDED_ARCHS[sdk=iphonesimulator*]" = arm64;
				GENERATE_INFOPLIST_FILE = YES;
				INFOPLIST_KEY_NSHumanReadableCopyright = "";
				INSTALL_PATH = "$(LOCAL_LIBRARY_DIR)/Frameworks";
				IPHONEOS_DEPLOYMENT_TARGET = 15.6;
				LD_RUNPATH_SEARCH_PATHS = (
					"$(inherited)",
					"@executable_path/Frameworks",
					"@loader_path/Frameworks",
				);
				MARKETING_VERSION = 1.0;
				MODULE_VERIFIER_SUPPORTED_LANGUAGES = "objective-c objective-c++";
				MODULE_VERIFIER_SUPPORTED_LANGUAGE_STANDARDS = "gnu17 gnu++20";
				ONLY_ACTIVE_ARCH = NO;
				OTHER_SWIFT_FLAGS = "$(inherited) -D COCOAPODS";
				PRODUCT_BUNDLE_IDENTIFIER = com.emri.achalasecurelib;
				PRODUCT_NAME = "$(TARGET_NAME:c99extidentifier)";
				SKIP_INSTALL = NO;
				SUPPORTED_PLATFORMS = "iphoneos iphonesimulator";
				SUPPORTS_MACCATALYST = NO;
				SUPPORTS_MAC_DESIGNED_FOR_IPHONE_IPAD = NO;
				SUPPORTS_XR_DESIGNED_FOR_IPHONE_IPAD = NO;
				SWIFT_EMIT_LOC_STRINGS = YES;
				SWIFT_INSTALL_OBJC_HEADER = NO;
				SWIFT_OBJC_INTEROP_MODE = objc;
				SWIFT_VERSION = 5.0;
				TARGETED_DEVICE_FAMILY = "1,2";
			};
			name = Release;
		};
		C5ED967D2D54DD1E0081A67B /* Debug */ = {
			isa = XCBuildConfiguration;
			buildSettings = {
				ALWAYS_SEARCH_USER_PATHS = NO;
				ASSETCATALOG_COMPILER_GENERATE_SWIFT_ASSET_SYMBOL_EXTENSIONS = YES;
				CLANG_ANALYZER_NONNULL = YES;
				CLANG_ANALYZER_NUMBER_OBJECT_CONVERSION = YES_AGGRESSIVE;
				CLANG_CXX_LANGUAGE_STANDARD = "gnu++20";
				CLANG_ENABLE_MODULES = YES;
				CLANG_ENABLE_OBJC_ARC = YES;
				CLANG_ENABLE_OBJC_WEAK = YES;
				CLANG_WARN_BLOCK_CAPTURE_AUTORELEASING = YES;
				CLANG_WARN_BOOL_CONVERSION = YES;
				CLANG_WARN_COMMA = YES;
				CLANG_WARN_CONSTANT_CONVERSION = YES;
				CLANG_WARN_DEPRECATED_OBJC_IMPLEMENTATIONS = YES;
				CLANG_WARN_DIRECT_OBJC_ISA_USAGE = YES_ERROR;
				CLANG_WARN_DOCUMENTATION_COMMENTS = YES;
				CLANG_WARN_EMPTY_BODY = YES;
				CLANG_WARN_ENUM_CONVERSION = YES;
				CLANG_WARN_INFINITE_RECURSION = YES;
				CLANG_WARN_INT_CONVERSION = YES;
				CLANG_WARN_NON_LITERAL_NULL_CONVERSION = YES;
				CLANG_WARN_OBJC_IMPLICIT_RETAIN_SELF = YES;
				CLANG_WARN_OBJC_LITERAL_CONVERSION = YES;
				CLANG_WARN_OBJC_ROOT_CLASS = YES_ERROR;
				CLANG_WARN_QUOTED_INCLUDE_IN_FRAMEWORK_HEADER = YES;
				CLANG_WARN_RANGE_LOOP_ANALYSIS = YES;
				CLANG_WARN_STRICT_PROTOTYPES = YES;
				CLANG_WARN_SUSPICIOUS_MOVE = YES;
				CLANG_WARN_UNGUARDED_AVAILABILITY = YES_AGGRESSIVE;
				CLANG_WARN_UNREACHABLE_CODE = YES;
				CLANG_WARN__DUPLICATE_METHOD_MATCH = YES;
				COPY_PHASE_STRIP = NO;
				CURRENT_PROJECT_VERSION = 1;
				DEBUG_INFORMATION_FORMAT = dwarf;
				ENABLE_STRICT_OBJC_MSGSEND = YES;
				ENABLE_TESTABILITY = YES;
				ENABLE_USER_SCRIPT_SANDBOXING = YES;
				GCC_C_LANGUAGE_STANDARD = gnu17;
				GCC_DYNAMIC_NO_PIC = NO;
				GCC_NO_COMMON_BLOCKS = YES;
				GCC_OPTIMIZATION_LEVEL = 0;
				GCC_PREPROCESSOR_DEFINITIONS = (
					"DEBUG=1",
					"$(inherited)",
				);
				GCC_WARN_64_TO_32_BIT_CONVERSION = YES;
				GCC_WARN_ABOUT_RETURN_TYPE = YES_ERROR;
				GCC_WARN_UNDECLARED_SELECTOR = YES;
				GCC_WARN_UNINITIALIZED_AUTOS = YES_AGGRESSIVE;
				GCC_WARN_UNUSED_FUNCTION = YES;
				GCC_WARN_UNUSED_VARIABLE = YES;
				IPHONEOS_DEPLOYMENT_TARGET = 18.2;
				LOCALIZATION_PREFERS_STRING_CATALOGS = YES;
				MTL_ENABLE_DEBUG_INFO = INCLUDE_SOURCE;
				MTL_FAST_MATH = YES;
				ONLY_ACTIVE_ARCH = YES;
				SDKROOT = iphoneos;
				SWIFT_ACTIVE_COMPILATION_CONDITIONS = "DEBUG $(inherited)";
				SWIFT_OPTIMIZATION_LEVEL = "-Onone";
				VERSIONING_SYSTEM = "apple-generic";
				VERSION_INFO_PREFIX = "";
			};
			name = Debug;
		};
		C5ED967E2D54DD1E0081A67B /* Release */ = {
			isa = XCBuildConfiguration;
			buildSettings = {
				ALWAYS_SEARCH_USER_PATHS = NO;
				ASSETCATALOG_COMPILER_GENERATE_SWIFT_ASSET_SYMBOL_EXTENSIONS = YES;
				CLANG_ANALYZER_NONNULL = YES;
				CLANG_ANALYZER_NUMBER_OBJECT_CONVERSION = YES_AGGRESSIVE;
				CLANG_CXX_LANGUAGE_STANDARD = "gnu++20";
				CLANG_ENABLE_MODULES = YES;
				CLANG_ENABLE_OBJC_ARC = YES;
				CLANG_ENABLE_OBJC_WEAK = YES;
				CLANG_WARN_BLOCK_CAPTURE_AUTORELEASING = YES;
				CLANG_WARN_BOOL_CONVERSION = YES;
				CLANG_WARN_COMMA = YES;
				CLANG_WARN_CONSTANT_CONVERSION = YES;
				CLANG_WARN_DEPRECATED_OBJC_IMPLEMENTATIONS = YES;
				CLANG_WARN_DIRECT_OBJC_ISA_USAGE = YES_ERROR;
				CLANG_WARN_DOCUMENTATION_COMMENTS = YES;
				CLANG_WARN_EMPTY_BODY = YES;
				CLANG_WARN_ENUM_CONVERSION = YES;
				CLANG_WARN_INFINITE_RECURSION = YES;
				CLANG_WARN_INT_CONVERSION = YES;
				CLANG_WARN_NON_LITERAL_NULL_CONVERSION = YES;
				CLANG_WARN_OBJC_IMPLICIT_RETAIN_SELF = YES;
				CLANG_WARN_OBJC_LITERAL_CONVERSION = YES;
				CLANG_WARN_OBJC_ROOT_CLASS = YES_ERROR;
				CLANG_WARN_QUOTED_INCLUDE_IN_FRAMEWORK_HEADER = YES;
				CLANG_WARN_RANGE_LOOP_ANALYSIS = YES;
				CLANG_WARN_STRICT_PROTOTYPES = YES;
				CLANG_WARN_SUSPICIOUS_MOVE = YES;
				CLANG_WARN_UNGUARDED_AVAILABILITY = YES_AGGRESSIVE;
				CLANG_WARN_UNREACHABLE_CODE = YES;
				CLANG_WARN__DUPLICATE_METHOD_MATCH = YES;
				COPY_PHASE_STRIP = NO;
				CURRENT_PROJECT_VERSION = 1;
				DEBUG_INFORMATION_FORMAT = "dwarf-with-dsym";
				ENABLE_NS_ASSERTIONS = NO;
				ENABLE_STRICT_OBJC_MSGSEND = YES;
				ENABLE_USER_SCRIPT_SANDBOXING = YES;
				GCC_C_LANGUAGE_STANDARD = gnu17;
				GCC_NO_COMMON_BLOCKS = YES;
				GCC_WARN_64_TO_32_BIT_CONVERSION = YES;
				GCC_WARN_ABOUT_RETURN_TYPE = YES_ERROR;
				GCC_WARN_UNDECLARED_SELECTOR = YES;
				GCC_WARN_UNINITIALIZED_AUTOS = YES_AGGRESSIVE;
				GCC_WARN_UNUSED_FUNCTION = YES;
				GCC_WARN_UNUSED_VARIABLE = YES;
				IPHONEOS_DEPLOYMENT_TARGET = 18.2;
				LOCALIZATION_PREFERS_STRING_CATALOGS = YES;
				MTL_ENABLE_DEBUG_INFO = NO;
				MTL_FAST_MATH = YES;
				SDKROOT = iphoneos;
				SWIFT_COMPILATION_MODE = wholemodule;
				VALIDATE_PRODUCT = YES;
				VERSIONING_SYSTEM = "apple-generic";
				VERSION_INFO_PREFIX = "";
			};
			name = Release;
		};
		C5ED96802D54DD1E0081A67B /* Debug */ = {
			isa = XCBuildConfiguration;
			baseConfigurationReference = 57890F01AC53B593CB2C0D99 /* Pods-achalasecurelibTests.debug.xcconfig */;
			buildSettings = {
				CODE_SIGN_STYLE = Automatic;
				CURRENT_PROJECT_VERSION = 1;
				DEVELOPMENT_TEAM = W2M29P5694;
				GENERATE_INFOPLIST_FILE = YES;
				MARKETING_VERSION = 1.0;
				PRODUCT_BUNDLE_IDENTIFIER = com.emri.achalasecurelibTests;
				PRODUCT_NAME = "$(TARGET_NAME)";
				SWIFT_EMIT_LOC_STRINGS = NO;
				SWIFT_VERSION = 5.0;
				TARGETED_DEVICE_FAMILY = "1,2";
			};
			name = Debug;
		};
		C5ED96812D54DD1E0081A67B /* Release */ = {
			isa = XCBuildConfiguration;
			baseConfigurationReference = EFBD4FD94ADACF003312915A /* Pods-achalasecurelibTests.release.xcconfig */;
			buildSettings = {
				CODE_SIGN_STYLE = Automatic;
				CURRENT_PROJECT_VERSION = 1;
				DEVELOPMENT_TEAM = W2M29P5694;
				GENERATE_INFOPLIST_FILE = YES;
				MARKETING_VERSION = 1.0;
				PRODUCT_BUNDLE_IDENTIFIER = com.emri.achalasecurelibTests;
				PRODUCT_NAME = "$(TARGET_NAME)";
				SWIFT_EMIT_LOC_STRINGS = NO;
				SWIFT_VERSION = 5.0;
				TARGETED_DEVICE_FAMILY = "1,2";
			};
			name = Release;
		};
/* End XCBuildConfiguration section */

/* Begin XCConfigurationList section */
		C5ED96612D54DD1E0081A67B /* Build configuration list for PBXProject "achalasecurelib" */ = {
			isa = XCConfigurationList;
			buildConfigurations = (
				C5ED967D2D54DD1E0081A67B /* Debug */,
				C5ED967E2D54DD1E0081A67B /* Release */,
			);
			defaultConfigurationIsVisible = 0;
			defaultConfigurationName = Release;
		};
		C5ED967A2D54DD1E0081A67B /* Build configuration list for PBXNativeTarget "achalasecurelib" */ = {
			isa = XCConfigurationList;
			buildConfigurations = (
				C5ED967B2D54DD1E0081A67B /* Debug */,
				C5ED967C2D54DD1E0081A67B /* Release */,
			);
			defaultConfigurationIsVisible = 0;
			defaultConfigurationName = Release;
		};
		C5ED967F2D54DD1E0081A67B /* Build configuration list for PBXNativeTarget "achalasecurelibTests" */ = {
			isa = XCConfigurationList;
			buildConfigurations = (
				C5ED96802D54DD1E0081A67B /* Debug */,
				C5ED96812D54DD1E0081A67B /* Release */,
			);
			defaultConfigurationIsVisible = 0;
			defaultConfigurationName = Release;
		};
/* End XCConfigurationList section */
	};
	rootObject = C5ED965E2D54DD1E0081A67B /* Project object */;
}
